
Microsoft Visual Studio Solution File, Format Version 12.00
# Visual Studio Version 17
VisualStudioVersion = 17.9.34728.123
MinimumVisualStudioVersion = 10.0.40219.1
Project("{9A19103F-16F7-4668-BE54-9A1E7A4F7556}") = "ISScore", "ISScore\ISScore.csproj", "{93DA5D6F-7D48-490A-977E-858E18918810}"
EndProject
Project("{FAE04EC0-301F-11D3-BF4B-00C04F79EFBC}") = "FileUpload", "FileUpload\FileUpload.csproj", "{520FFEA7-FDFA-4E27-8095-40556731038A}"
EndProject
Global
	GlobalSection(SolutionConfigurationPlatforms) = preSolution
		Debug|Any CPU = Debug|Any CPU
		Release|Any CPU = Release|Any CPU
	EndGlobalSection
	GlobalSection(ProjectConfigurationPlatforms) = postSolution
		{93DA5D6F-7D48-490A-977E-858E18918810}.Debug|Any CPU.ActiveCfg = Debug|Any CPU
		{93DA5D6F-7D48-490A-977E-858E18918810}.Debug|Any CPU.Build.0 = Debug|Any CPU
		{93DA5D6F-7D48-490A-977E-858E18918810}.Release|Any CPU.ActiveCfg = Release|Any CPU
		{93DA5D6F-7D48-490A-977E-858E18918810}.Release|Any CPU.Build.0 = Release|Any CPU
		{520FFEA7-FDFA-4E27-8095-40556731038A}.Debug|Any CPU.ActiveCfg = Debug|Any CPU
		{520FFEA7-FDFA-4E27-8095-40556731038A}.Debug|Any CPU.Build.0 = Debug|Any CPU
		{520FFEA7-FDFA-4E27-8095-40556731038A}.Release|Any CPU.ActiveCfg = Release|Any CPU
		{520FFEA7-FDFA-4E27-8095-40556731038A}.Release|Any CPU.Build.0 = Release|Any CPU
	EndGlobalSection
	GlobalSection(SolutionProperties) = preSolution
		HideSolutionNode = FALSE
	EndGlobalSection
	GlobalSection(ExtensibilityGlobals) = postSolution
		SolutionGuid = {D977C910-310B-416D-8A76-E3B7392B4C25}
	EndGlobalSection
EndGlobal
